
Microsoft Visual Studio Solution File, Format Version 12.00
# Visual Studio 15
VisualStudioVersion = 15.0.27004.2002
MinimumVisualStudioVersion = 10.0.40219.1
Project("{FAE04EC0-301F-11D3-BF4B-00C04F79EFBC}") = "Lab01", "Lab01\Lab01.csproj", "{556E5A94-DF2F-42F3-8C1B-2DB5CEDD3FAC}"
EndProject
Global
	GlobalSection(SolutionConfigurationPlatforms) = preSolution
		Debug|Any CPU = Debug|Any CPU
		Release|Any CPU = Release|Any CPU
	EndGlobalSection
	GlobalSection(ProjectConfigurationPlatforms) = postSolution
		{556E5A94-DF2F-42F3-8C1B-2DB5CEDD3FAC}.Debug|Any CPU.ActiveCfg = Debug|Any CPU
		{556E5A94-DF2F-42F3-8C1B-2DB5CEDD3FAC}.Debug|Any CPU.Build.0 = Debug|Any CPU
		{556E5A94-DF2F-42F3-8C1B-2DB5CEDD3FAC}.Release|Any CPU.ActiveCfg = Release|Any CPU
		{556E5A94-DF2F-42F3-8C1B-2DB5CEDD3FAC}.Release|Any CPU.Build.0 = Release|Any CPU
	EndGlobalSection
	GlobalSection(SolutionProperties) = preSolution
		HideSolutionNode = FALSE
	EndGlobalSection
	GlobalSection(ExtensibilityGlobals) = postSolution
		SolutionGuid = {92187C35-2B2B-418F-9077-F5B249D9C5E0}
	EndGlobalSection
EndGlobal
